
Microsoft Visual Studio Solution File, Format Version 12.00
# Visual Studio Version 16
VisualStudioVersion = 16.0.30611.23
MinimumVisualStudioVersion = 10.0.40219.1
Project("{FAE04EC0-301F-11D3-BF4B-00C04F79EFBC}") = "ManagerProjectTracker", "..\ManagerProjectTracker\ManagerProjectTracker.csproj", "{CC6EFF41-8518-4255-BD77-CD436D10F7DD}"
EndProject
Project("{FAE04EC0-301F-11D3-BF4B-00C04F79EFBC}") = "MemberProjectTracker", "..\MemberProjectTracker\MemberProjectTracker.csproj", "{B9505F72-0B72-4365-9F15-FB32E54BB0AD}"
EndProject
Project("{FAE04EC0-301F-11D3-BF4B-00C04F79EFBC}") = "ProjectTracker", "ProjectTracker.csproj", "{34C513BD-FE20-4770-A12E-D41A69791430}"
EndProject
Global
	GlobalSection(SolutionConfigurationPlatforms) = preSolution
		Debug|Any CPU = Debug|Any CPU
		Release|Any CPU = Release|Any CPU
	EndGlobalSection
	GlobalSection(ProjectConfigurationPlatforms) = postSolution
		{CC6EFF41-8518-4255-BD77-CD436D10F7DD}.Debug|Any CPU.ActiveCfg = Debug|Any CPU
		{CC6EFF41-8518-4255-BD77-CD436D10F7DD}.Debug|Any CPU.Build.0 = Debug|Any CPU
		{CC6EFF41-8518-4255-BD77-CD436D10F7DD}.Release|Any CPU.ActiveCfg = Release|Any CPU
		{CC6EFF41-8518-4255-BD77-CD436D10F7DD}.Release|Any CPU.Build.0 = Release|Any CPU
		{B9505F72-0B72-4365-9F15-FB32E54BB0AD}.Debug|Any CPU.ActiveCfg = Debug|Any CPU
		{B9505F72-0B72-4365-9F15-FB32E54BB0AD}.Debug|Any CPU.Build.0 = Debug|Any CPU
		{B9505F72-0B72-4365-9F15-FB32E54BB0AD}.Release|Any CPU.ActiveCfg = Release|Any CPU
		{B9505F72-0B72-4365-9F15-FB32E54BB0AD}.Release|Any CPU.Build.0 = Release|Any CPU
		{34C513BD-FE20-4770-A12E-D41A69791430}.Debug|Any CPU.ActiveCfg = Debug|Any CPU
		{34C513BD-FE20-4770-A12E-D41A69791430}.Debug|Any CPU.Build.0 = Debug|Any CPU
		{34C513BD-FE20-4770-A12E-D41A69791430}.Release|Any CPU.ActiveCfg = Release|Any CPU
		{34C513BD-FE20-4770-A12E-D41A69791430}.Release|Any CPU.Build.0 = Release|Any CPU
	EndGlobalSection
	GlobalSection(SolutionProperties) = preSolution
		HideSolutionNode = FALSE
	EndGlobalSection
	GlobalSection(ExtensibilityGlobals) = postSolution
		SolutionGuid = {204144C0-427D-410C-98D9-4C13E55321BA}
	EndGlobalSection
EndGlobal
